
Microsoft Visual Studio Solution File, Format Version 11.00
# Visual Studio 2010
Project("{FAE04EC0-301F-11D3-BF4B-00C04F79EFBC}") = "Gim_Lab6", "Assembly-CSharp-firstpass.csproj", "{10897B34-32CA-B7E1-0632-18A1A0152D2B}"
EndProject
Project("{FAE04EC0-301F-11D3-BF4B-00C04F79EFBC}") = "Gim_Lab6", "Assembly-CSharp.csproj", "{0CA4CCFB-8543-D28D-41C9-C6ECCEC27029}"
EndProject
Project("{FAE04EC0-301F-11D3-BF4B-00C04F79EFBC}") = "Gim_Lab6", "Assembly-CSharp-Editor-firstpass.csproj", "{F1D999B3-91F8-A53E-E0EB-25963E885985}"
EndProject
Global
	GlobalSection(SolutionConfigurationPlatforms) = preSolution
		Debug|Any CPU = Debug|Any CPU
		Release|Any CPU = Release|Any CPU
	EndGlobalSection
	GlobalSection(ProjectConfigurationPlatforms) = postSolution
		{10897B34-32CA-B7E1-0632-18A1A0152D2B}.Debug|Any CPU.ActiveCfg = Debug|Any CPU
		{10897B34-32CA-B7E1-0632-18A1A0152D2B}.Debug|Any CPU.Build.0 = Debug|Any CPU
		{10897B34-32CA-B7E1-0632-18A1A0152D2B}.Release|Any CPU.ActiveCfg = Release|Any CPU
		{10897B34-32CA-B7E1-0632-18A1A0152D2B}.Release|Any CPU.Build.0 = Release|Any CPU
		{0CA4CCFB-8543-D28D-41C9-C6ECCEC27029}.Debug|Any CPU.ActiveCfg = Debug|Any CPU
		{0CA4CCFB-8543-D28D-41C9-C6ECCEC27029}.Debug|Any CPU.Build.0 = Debug|Any CPU
		{0CA4CCFB-8543-D28D-41C9-C6ECCEC27029}.Release|Any CPU.ActiveCfg = Release|Any CPU
		{0CA4CCFB-8543-D28D-41C9-C6ECCEC27029}.Release|Any CPU.Build.0 = Release|Any CPU
		{F1D999B3-91F8-A53E-E0EB-25963E885985}.Debug|Any CPU.ActiveCfg = Debug|Any CPU
		{F1D999B3-91F8-A53E-E0EB-25963E885985}.Debug|Any CPU.Build.0 = Debug|Any CPU
		{F1D999B3-91F8-A53E-E0EB-25963E885985}.Release|Any CPU.ActiveCfg = Release|Any CPU
		{F1D999B3-91F8-A53E-E0EB-25963E885985}.Release|Any CPU.Build.0 = Release|Any CPU
	EndGlobalSection
	GlobalSection(SolutionProperties) = preSolution
		HideSolutionNode = FALSE
	EndGlobalSection
	GlobalSection(MonoDevelopProperties) = preSolution
		StartupItem = Assembly-CSharp.csproj
	EndGlobalSection
EndGlobal
